lockfileVersion: '6.0'

settings:
  autoInstallPeers: true
  excludeLinksFromLockfile: false

dependencies:
  date-fns:
    specifier: ^2.30.0
    version: registry.npmmirror.com/date-fns@2.30.0

packages:

  registry.npmmirror.com/@babel/runtime@7.23.2:
    resolution: {integrity: sha512-mM8eg4yl5D6i3lu2QKPuPH4FArvJ8KhTofbE7jwMUv9KX5mBvwPAqnV3MlyBNqdp9RyRKP6Yck8TrfYrPvX3bg==, registry: https://registry.npm.taobao.org/, tarball: https://registry.npmmirror.com/@babel/runtime/-/runtime-7.23.2.tgz}
    name: '@babel/runtime'
    version: 7.23.2
    engines: {node: '>=6.9.0'}
    dependencies:
      regenerator-runtime: registry.npmmirror.com/regenerator-runtime@0.14.0
    dev: false

  registry.npmmirror.com/date-fns@2.30.0:
    resolution: {integrity: sha512-fnULvOpxnC5/Vg3NCiWelDsLiUc9bRwAPs/+LfTLNvetFCtCTN+yQz15C/fs4AwX1R9K5GLtLfn8QW+dWisaAw==, registry: https://registry.npm.taobao.org/, tarball: https://registry.npmmirror.com/date-fns/-/date-fns-2.30.0.tgz}
    name: date-fns
    version: 2.30.0
    engines: {node: '>=0.11'}
    dependencies:
      '@babel/runtime': registry.npmmirror.com/@babel/runtime@7.23.2
    dev: false

  registry.npmmirror.com/regenerator-runtime@0.14.0:
    resolution: {integrity: sha512-srw17NI0TUWHuGa5CFGGmhfNIeja30WMBfbslPNhf6JrqQlLN5gcrvig1oqPxiVaXb0oW0XRKtH6Nngs5lKCIA==, registry: https://registry.npm.taobao.org/, tarball: https://registry.npmmirror.com/regenerator-runtime/-/regenerator-runtime-0.14.0.tgz}
    name: regenerator-runtime
    version: 0.14.0
    dev: false
